{
  "name": "x-thread-backend",
  "version": "0.1.0",
  "lockfileVersion": 3,
  "requires": true,
  "packages": {
    "": {
      "name": "x-thread-backend",
      "version": "0.1.0",
      "dependencies": {
        "@nestjs/bull": "^10.0.0",
        "@nestjs/cli": "^10.0.0",
        "@nestjs/common": "^10.0.0",
        "@nestjs/config": "^3.0.0",
        "@nestjs/core": "^10.0.0",
        "@nestjs/jwt": "^10.0.0",
        "@nestjs/passport": "^10.0.0",
        "@nestjs/platform-fastify": "^10.0.0",
        "@nestjs/platform-socket.io": "^10.0.0",
        "@nestjs/websockets": "^10.0.0",
        "@prisma/client": "5.22.0",
        "bcryptjs": "^2.4.3",
        "bullmq": "^5.0.0",
        "class-transformer": "^0.5.1",
        "class-validator": "^0.15.1",
        "ioredis": "^5.0.0",
        "nodemailer": "^6.9.15",
        "passport": "^0.7.0",
        "passport-jwt": "^4.0.0",
        "prisma": "5.22.0",
        "reflect-metadata": "^0.2.0",
        "rxjs": "^7.8.0",
        "socket.io": "^4.7.0",
        "typescript": "^5.0.0"
      },
      "devDependencies": {
        "@nestjs/schematics": "^10.0.0",
        "@nestjs/testing": "10.0.0",
        "@types/bcryptjs": "^2.4.0",
        "@types/jest": "^30.0.0",
        "@types/node": "^20.0.0",
        "@types/passport-jwt": "^4.0.0",
        "fast-check": "^4.6.0",
        "jest": "^30.3.0",
        "socket.io-client": "^4.7.0",
        "ts-jest": "^29.4.9",
        "ts-node": "^10.0.0"
      }
    },
    "../node_modules/.pnpm/@nestjs+bull@10.2.3_@nestjs_729c9cf27cd00c1a0b6cb946720ef5ec/node_modules/@nestjs/bull": {
      "version": "10.2.3",
      "license": "MIT",
      "dependencies": {
        "@nestjs/bull-shared": "^10.2.3",
        "tslib": "2.8.1"
      },
      "devDependencies": {
        "@nestjs/common": "10.4.11",
        "@nestjs/core": "10.4.11",
        "@nestjs/platform-express": "10.4.11",
        "@nestjs/testing": "10.4.11",
        "@types/bull": "4.10.4",
        "@types/jest": "29.5.14",
        "@types/node": "22.10.1",
        "@types/reflect-metadata": "0.1.0",
        "bull": "4.16.4",
        "reflect-metadata": "0.2.2",
        "rxjs": "7.8.1"
      },
      "peerDependencies": {
        "@nestjs/common": "^8.0.0 || ^9.0.0 || ^10.0.0",
        "@nestjs/core": "^8.0.0 || ^9.0.0 || ^10.0.0",
        "bull": "^3.3 || ^4.0.0"
      }
    },
    "../node_modules/.pnpm/@nestjs+cli@10.4.9/node_modules/@nestjs/cli": {
      "version": "10.4.9",
      "license": "MIT",
      "dependencies": {
        "@angular-devkit/core": "17.3.11",
        "@angular-devkit/schematics": "17.3.11",
        "@angular-devkit/schematics-cli": "17.3.11",
        "@nestjs/schematics": "^10.0.1",
        "chalk": "4.1.2",
        "chokidar": "3.6.0",
        "cli-table3": "0.6.5",
        "commander": "4.1.1",
        "fork-ts-checker-webpack-plugin": "9.0.2",
        "glob": "10.4.5",
        "inquirer": "8.2.6",
        "node-emoji": "1.11.0",
        "ora": "5.4.1",
        "tree-kill": "1.2.2",
        "tsconfig-paths": "4.2.0",
        "tsconfig-paths-webpack-plugin": "4.2.0",
        "typescript": "5.7.2",
        "webpack": "5.97.1",
        "webpack-node-externals": "3.0.0"
      },
      "bin": {
        "nest": "bin/nest.js"
      },
      "devDependencies": {
        "@commitlint/cli": "19.6.0",
        "@commitlint/config-angular": "19.6.0",
        "@swc/cli": "0.5.2",
        "@swc/core": "1.10.1",
        "@types/inquirer": "9.0.7",
        "@types/jest": "29.5.14",
        "@types/node": "22.10.1",
        "@types/node-emoji": "1.8.2",
        "@types/webpack-node-externals": "3.0.4",
        "@typescript-eslint/eslint-plugin": "8.17.0",
        "@typescript-eslint/parser": "8.17.0",
        "delete-empty": "3.0.0",
        "eslint": "9.16.0",
        "eslint-config-prettier": "9.1.0",
        "gulp": "5.0.0",
        "gulp-clean": "0.4.0",
        "husky": "9.1.7",
        "jest": "29.7.0",
        "lint-staged": "15.2.10",
        "prettier": "3.4.2",
        "release-it": "17.10.0",
        "ts-jest": "29.2.5",
        "ts-loader": "9.5.1",
        "ts-node": "10.9.2"
      },
      "engines": {
        "node": ">= 16.14"
      },
      "peerDependencies": {
        "@swc/cli": "^0.1.62 || ^0.3.0 || ^0.4.0 || ^0.5.0",
        "@swc/core": "^1.3.62"
      },
      "peerDependenciesMeta": {
        "@swc/cli": {
          "optional": true
        },
        "@swc/core": {
          "optional": true
        }
      }
    },
    "../node_modules/.pnpm/@nestjs+common@10.4.22_clas_603105deb9b25869abebdf85a1b3b03e/node_modules/@nestjs/common": {
      "version": "10.4.22",
      "license": "MIT",
      "dependencies": {
        "file-type": "20.4.1",
        "iterare": "1.2.1",
        "tslib": "2.8.1",
        "uid": "2.0.2"
      },
      "funding": {
        "type": "opencollective",
        "url": "https://opencollective.com/nest"
      },
      "peerDependencies": {
        "class-transformer": "*",
        "class-validator": "*",
        "reflect-metadata": "^0.1.12 || ^0.2.0",
        "rxjs": "^7.1.0"
      },
      "peerDependenciesMeta": {
        "class-transformer": {
          "optional": true
        },
        "class-validator": {
          "optional": true
        }
      }
    },
    "../node_modules/.pnpm/@nestjs+config@3.3.0_@nestj_4a8fdd718708d5a153d8ccc6996203d2/node_modules/@nestjs/config": {
      "version": "3.3.0",
      "license": "MIT",
      "dependencies": {
        "dotenv": "16.4.5",
        "dotenv-expand": "10.0.0",
        "lodash": "4.17.21"
      },
      "devDependencies": {
        "@commitlint/cli": "19.5.0",
        "@commitlint/config-angular": "19.5.0",
        "@nestjs/common": "10.4.5",
        "@nestjs/core": "10.4.5",
        "@nestjs/platform-express": "10.4.5",
        "@nestjs/testing": "10.4.5",
        "@types/jest": "29.5.13",
        "@types/lodash": "4.17.12",
        "@types/node": "20.16.13",
        "@typescript-eslint/eslint-plugin": "8.10.0",
        "@typescript-eslint/parser": "8.10.0",
        "eslint": "9.13.0",
        "eslint-config-prettier": "9.1.0",
        "eslint-plugin-import": "2.31.0",
        "husky": "9.1.6",
        "jest": "29.7.0",
        "joi": "17.13.3",
        "lint-staged": "15.2.10",
        "prettier": "3.3.3",
        "reflect-metadata": "0.2.2",
        "release-it": "17.10.0",
        "rimraf": "6.0.1",
        "rxjs": "7.8.1",
        "ts-jest": "29.2.5",
        "typescript": "5.6.3"
      },
      "peerDependencies": {
        "@nestjs/common": "^8.0.0 || ^9.0.0 || ^10.0.0",
        "rxjs": "^7.1.0"
      }
    },
    "../node_modules/.pnpm/@nestjs+core@10.4.22_@nestj_6d25b4e2dc17cc3c70b0bbd34088b6a2/node_modules/@nestjs/core": {
      "version": "10.4.22",
      "hasInstallScript": true,
      "license": "MIT",
      "dependencies": {
        "@nuxtjs/opencollective": "0.3.2",
        "fast-safe-stringify": "2.1.1",
        "iterare": "1.2.1",
        "path-to-regexp": "3.3.0",
        "tslib": "2.8.1",
        "uid": "2.0.2"
      },
      "devDependencies": {
        "@nestjs/common": "^10.4.22"
      },
      "funding": {
        "type": "opencollective",
        "url": "https://opencollective.com/nest"
      },
      "peerDependencies": {
        "@nestjs/common": "^10.0.0",
        "@nestjs/microservices": "^10.0.0",
        "@nestjs/platform-express": "^10.0.0",
        "@nestjs/websockets": "^10.0.0",
        "reflect-metadata": "^0.1.12 || ^0.2.0",
        "rxjs": "^7.1.0"
      },
      "peerDependenciesMeta": {
        "@nestjs/microservices": {
          "optional": true
        },
        "@nestjs/platform-express": {
          "optional": true
        },
        "@nestjs/websockets": {
          "optional": true
        }
      }
    },
    "../node_modules/.pnpm/@nestjs+jwt@10.2.0_@nestjs+_86df289bf54bf0a706ef4443aa722a76/node_modules/@nestjs/jwt": {
      "version": "10.2.0",
      "license": "MIT",
      "dependencies": {
        "@types/jsonwebtoken": "9.0.5",
        "jsonwebtoken": "9.0.2"
      },
      "devDependencies": {
        "@commitlint/cli": "18.2.0",
        "@commitlint/config-angular": "18.1.0",
        "@nestjs/common": "10.2.8",
        "@nestjs/core": "10.2.8",
        "@nestjs/testing": "10.2.8",
        "@types/jest": "29.5.8",
        "@types/node": "20.9.0",
        "@typescript-eslint/eslint-plugin": "6.10.0",
        "@typescript-eslint/parser": "6.10.0",
        "eslint": "8.53.0",
        "eslint-config-prettier": "9.0.0",
        "eslint-plugin-import": "2.29.0",
        "husky": "8.0.3",
        "jest": "29.7.0",
        "lint-staged": "15.0.2",
        "prettier": "3.0.3",
        "reflect-metadata": "0.1.13",
        "release-it": "16.2.1",
        "rxjs": "7.8.1",
        "ts-jest": "29.1.1",
        "typescript": "5.2.2"
      },
      "peerDependencies": {
        "@nestjs/common": "^8.0.0 || ^9.0.0 || ^10.0.0"
      }
    },
    "../node_modules/.pnpm/@nestjs+passport@10.0.3_@ne_60b22b86a83cacefb55f1b80699754d9/node_modules/@nestjs/passport": {
      "version": "10.0.3",
      "license": "MIT",
      "devDependencies": {
        "@commitlint/cli": "18.4.3",
        "@commitlint/config-angular": "18.4.3",
        "@nestjs/common": "10.2.10",
        "@nestjs/core": "10.2.10",
        "@nestjs/jwt": "10.2.0",
        "@nestjs/platform-express": "10.2.10",
        "@nestjs/testing": "10.2.10",
        "@types/jest": "29.5.10",
        "@types/node": "20.10.3",
        "@types/passport": "1.0.16",
        "@types/passport-jwt": "3.0.13",
        "@types/passport-local": "1.0.38",
        "@typescript-eslint/eslint-plugin": "6.13.1",
        "@typescript-eslint/parser": "6.13.1",
        "eslint": "8.55.0",
        "eslint-config-prettier": "9.1.0",
        "eslint-plugin-import": "2.29.0",
        "husky": "8.0.3",
        "jest": "29.7.0",
        "lint-staged": "15.2.0",
        "pactum": "3.5.1",
        "passport": "0.7.0",
        "passport-jwt": "4.0.1",
        "passport-local": "1.0.0",
        "prettier": "3.1.0",
        "reflect-metadata": "0.1.13",
        "release-it": "17.0.0",
        "rimraf": "5.0.5",
        "rxjs": "7.8.1",
        "ts-jest": "29.1.1",
        "typescript": "5.3.2"
      },
      "peerDependencies": {
        "@nestjs/common": "^8.0.0 || ^9.0.0 || ^10.0.0",
        "passport": "^0.4.0 || ^0.5.0 || ^0.6.0 || ^0.7.0"
      }
    },
    "../node_modules/.pnpm/@nestjs+platform-fastify@10_2a5cdcb41b85370109411e5890422d36/node_modules/@nestjs/platform-fastify": {
      "version": "10.4.22",
      "license": "MIT",
      "dependencies": {
        "@fastify/cors": "9.0.1",
        "@fastify/formbody": "7.4.0",
        "@fastify/middie": "8.3.3",
        "fastify": "4.28.1",
        "light-my-request": "6.3.0",
        "path-to-regexp": "3.3.0",
        "tslib": "2.8.1"
      },
      "funding": {
        "type": "opencollective",
        "url": "https://opencollective.com/nest"
      },
      "peerDependencies": {
        "@fastify/static": "^6.0.0 || ^7.0.0",
        "@fastify/view": "^7.0.0 || ^8.0.0",
        "@nestjs/common": "^10.0.0",
        "@nestjs/core": "^10.0.0"
      },
      "peerDependenciesMeta": {
        "@fastify/static": {
          "optional": true
        },
        "@fastify/view": {
          "optional": true
        }
      }
    },
    "../node_modules/.pnpm/@nestjs+platform-socket.io@_5a129e96aefbdeecf02acee3f0a8d416/node_modules/@nestjs/platform-socket.io": {
      "version": "10.4.22",
      "license": "MIT",
      "dependencies": {
        "socket.io": "4.8.1",
        "tslib": "2.8.1"
      },
      "funding": {
        "type": "opencollective",
        "url": "https://opencollective.com/nest"
      },
      "peerDependencies": {
        "@nestjs/common": "^10.0.0",
        "@nestjs/websockets": "^10.0.0",
        "rxjs": "^7.1.0"
      }
    },
    "../node_modules/.pnpm/@nestjs+schematics@10.2.3_chokidar@3.6.0_typescript@5.9.3/node_modules/@nestjs/schematics": {
      "version": "10.2.3",
      "dev": true,
      "license": "MIT",
      "dependencies": {
        "@angular-devkit/core": "17.3.11",
        "@angular-devkit/schematics": "17.3.11",
        "comment-json": "4.2.5",
        "jsonc-parser": "3.3.1",
        "pluralize": "8.0.0"
      },
      "devDependencies": {
        "@commitlint/cli": "19.5.0",
        "@commitlint/config-angular": "19.5.0",
        "@types/jest": "29.5.14",
        "@types/node": "20.17.1",
        "@typescript-eslint/eslint-plugin": "8.11.0",
        "@typescript-eslint/parser": "8.11.0",
        "cpx2": "8.0.0",
        "eslint": "9.13.0",
        "eslint-config-prettier": "9.1.0",
        "eslint-plugin-import": "2.31.0",
        "gulp": "5.0.0",
        "gulp-clean": "0.4.0",
        "husky": "9.1.6",
        "jest": "29.7.0",
        "nyc": "17.1.0",
        "release-it": "17.10.0",
        "ts-jest": "29.2.5",
        "ts-node": "10.9.2",
        "typescript": "5.6.3"
      },
      "peerDependencies": {
        "typescript": ">=4.8.2"
      }
    },
    "../node_modules/.pnpm/@nestjs+testing@10.0.0_@nes_80b5ef35cbcadc90cdc85783a2279b37/node_modules/@nestjs/testing": {
      "version": "10.0.0",
      "dev": true,
      "license": "MIT",
      "dependencies": {
        "tslib": "2.5.3"
      },
      "funding": {
        "type": "opencollective",
        "url": "https://opencollective.com/nest"
      },
      "peerDependencies": {
        "@nestjs/common": "^10.0.0",
        "@nestjs/core": "^10.0.0",
        "@nestjs/microservices": "^10.0.0",
        "@nestjs/platform-express": "^10.0.0"
      },
      "peerDependenciesMeta": {
        "@nestjs/microservices": {
          "optional": true
        },
        "@nestjs/platform-express": {
          "optional": true
        }
      }
    },
    "../node_modules/.pnpm/@nestjs+websockets@10.4.22__3ee89042c4aa9c67ee5a512d4c428455/node_modules/@nestjs/websockets": {
      "version": "10.4.22",
      "license": "MIT",
      "dependencies": {
        "iterare": "1.2.1",
        "object-hash": "3.0.0",
        "tslib": "2.8.1"
      },
      "devDependencies": {
        "@nestjs/common": "^10.4.22",
        "@nestjs/core": "^10.4.22"
      },
      "peerDependencies": {
        "@nestjs/common": "^10.0.0",
        "@nestjs/core": "^10.0.0",
        "@nestjs/platform-socket.io": "^10.0.0",
        "reflect-metadata": "^0.1.12 || ^0.2.0",
        "rxjs": "^7.1.0"
      },
      "peerDependenciesMeta": {
        "@nestjs/platform-socket.io": {
          "optional": true
        }
      }
    },
    "../node_modules/.pnpm/@prisma+client@5.22.0_prisma@5.22.0/node_modules/@prisma/client": {
      "version": "5.22.0",
      "hasInstallScript": true,
      "license": "Apache-2.0",
      "devDependencies": {
        "@cloudflare/workers-types": "4.20240614.0",
        "@codspeed/benchmark.js-plugin": "3.1.1",
        "@faker-js/faker": "8.4.1",
        "@fast-check/jest": "1.8.2",
        "@inquirer/prompts": "5.0.5",
        "@jest/create-cache-key-function": "29.7.0",
        "@jest/globals": "29.7.0",
        "@jest/test-sequencer": "29.7.0",
        "@libsql/client": "0.8.0",
        "@neondatabase/serverless": "0.9.3",
        "@opentelemetry/api": "1.9.0",
        "@opentelemetry/context-async-hooks": "1.25.1",
        "@opentelemetry/instrumentation": "0.52.1",
        "@opentelemetry/resources": "1.25.1",
        "@opentelemetry/sdk-trace-base": "1.25.1",
        "@opentelemetry/semantic-conventions": "1.25.1",
        "@planetscale/database": "1.18.0",
        "@prisma/adapter-d1": "5.22.0",
        "@prisma/adapter-libsql": "5.22.0",
        "@prisma/adapter-neon": "5.22.0",
        "@prisma/adapter-pg": "5.22.0",
        "@prisma/adapter-pg-worker": "5.22.0",
        "@prisma/adapter-planetscale": "5.22.0",
        "@prisma/debug": "5.22.0",
        "@prisma/driver-adapter-utils": "5.22.0",
        "@prisma/engines": "5.22.0",
        "@prisma/engines-version": "5.22.0-44.605197351a3c8bdd595af2d2a9bc3025bca48ea2",
        "@prisma/fetch-engine": "5.22.0",
        "@prisma/generator-helper": "5.22.0",
        "@prisma/get-platform": "5.22.0",
        "@prisma/instrumentation": "5.22.0",
        "@prisma/internals": "5.22.0",
        "@prisma/migrate": "5.22.0",
        "@prisma/mini-proxy": "0.9.5",
        "@prisma/pg-worker": "5.22.0",
        "@prisma/query-engine-wasm": "5.22.0-44.605197351a3c8bdd595af2d2a9bc3025bca48ea2",
        "@snaplet/copycat": "0.17.3",
        "@swc-node/register": "1.10.9",
        "@swc/core": "1.6.13",
        "@swc/jest": "0.2.36",
        "@timsuchanek/copy": "1.4.5",
        "@types/debug": "4.1.12",
        "@types/fs-extra": "9.0.13",
        "@types/jest": "29.5.12",
        "@types/js-levenshtein": "1.1.3",
        "@types/mssql": "9.1.5",
        "@types/node": "18.19.31",
        "@types/pg": "8.11.6",
        "arg": "5.0.2",
        "benchmark": "2.1.4",
        "ci-info": "4.0.0",
        "decimal.js": "10.4.3",
        "detect-runtime": "1.0.4",
        "env-paths": "2.2.1",
        "esbuild": "0.23.0",
        "execa": "5.1.1",
        "expect-type": "0.19.0",
        "flat-map-polyfill": "0.3.8",
        "fs-extra": "11.1.1",
        "get-stream": "6.0.1",
        "globby": "11.1.0",
        "indent-string": "4.0.0",
        "jest": "29.7.0",
        "jest-extended": "4.0.2",
        "jest-junit": "16.0.0",
        "jest-serializer-ansi-escapes": "3.0.0",
        "jest-snapshot": "29.7.0",
        "js-levenshtein": "1.1.6",
        "kleur": "4.1.5",
        "klona": "2.0.6",
        "mariadb": "3.3.1",
        "memfs": "4.9.3",
        "mssql": "11.0.1",
        "new-github-issue-url": "0.2.1",
        "node-fetch": "3.3.2",
        "p-retry": "4.6.2",
        "pg": "8.11.5",
        "pkg-up": "3.1.0",
        "pluralize": "8.0.0",
        "resolve": "1.22.8",
        "rimraf": "3.0.2",
        "simple-statistics": "7.8.5",
        "sort-keys": "4.2.0",
        "source-map-support": "0.5.21",
        "sql-template-tag": "5.2.1",
        "stacktrace-parser": "0.1.10",
        "strip-ansi": "6.0.1",
        "strip-indent": "3.0.0",
        "ts-node": "10.9.2",
        "ts-pattern": "5.2.0",
        "tsd": "0.31.1",
        "typescript": "5.4.5",
        "undici": "5.28.4",
        "wrangler": "3.62.0",
        "zx": "7.2.3"
      },
      "engines": {
        "node": ">=16.13"
      },
      "peerDependencies": {
        "prisma": "*"
      },
      "peerDependenciesMeta": {
        "prisma": {
          "optional": true
        }
      }
    },
    "../node_modules/.pnpm/@types+bcryptjs@2.4.6/node_modules/@types/bcryptjs": {
      "version": "2.4.6",
      "dev": true,
      "license": "MIT"
    },
    "../node_modules/.pnpm/@types+jest@30.0.0/node_modules/@types/jest": {
      "version": "30.0.0",
      "dev": true,
      "license": "MIT",
      "dependencies": {
        "expect": "^30.0.0",
        "pretty-format": "^30.0.0"
      }
    },
    "../node_modules/.pnpm/@types+node@20.19.37/node_modules/@types/node": {
      "version": "20.19.37",
      "dev": true,
      "license": "MIT",
      "dependencies": {
        "undici-types": "~6.21.0"
      }
    },
    "../node_modules/.pnpm/@types+passport-jwt@4.0.1/node_modules/@types/passport-jwt": {
      "version": "4.0.1",
      "dev": true,
      "license": "MIT",
      "dependencies": {
        "@types/jsonwebtoken": "*",
        "@types/passport-strategy": "*"
      }
    },
    "../node_modules/.pnpm/bcryptjs@2.4.3/node_modules/bcryptjs": {
      "version": "2.4.3",
      "license": "MIT",
      "devDependencies": {
        "bcrypt": "latest",
        "closurecompiler": "~1",
        "metascript": "~0.18",
        "testjs": "~1",
        "utfx": "~1"
      }
    },
    "../node_modules/.pnpm/bullmq@5.71.1/node_modules/bullmq": {
      "version": "5.71.1",
      "license": "MIT",
      "dependencies": {
        "cron-parser": "4.9.0",
        "ioredis": "5.10.1",
        "msgpackr": "1.11.5",
        "node-abort-controller": "3.1.1",
        "semver": "7.7.4",
        "tslib": "2.8.1",
        "uuid": "11.1.0"
      },
      "devDependencies": {
        "@commitlint/cli": "20.5.0",
        "@commitlint/config-conventional": "20.5.0",
        "@semantic-release/changelog": "6.0.3",
        "@semantic-release/commit-analyzer": "13.0.1",
        "@semantic-release/exec": "7.1.0",
        "@semantic-release/git": "10.0.1",
        "@semantic-release/github": "12.0.6",
        "@semantic-release/npm": "13.1.5",
        "@semantic-release/release-notes-generator": "14.1.0",
        "@types/lodash.defaults": "4.2.9",
        "@types/lodash.isarguments": "3.1.9",
        "@types/msgpack": "0.0.34",
        "@types/node": "18.19.130",
        "@types/semver": "7.7.1",
        "@types/sinon": "10.0.20",
        "@typescript-eslint/eslint-plugin": "8.57.0",
        "@typescript-eslint/parser": "8.57.0",
        "@vitest/coverage-v8": "4.1.1",
        "coveralls-next": "6.0.1",
        "cpx2": "8.0.0",
        "eslint": "9.39.4",
        "eslint-config-prettier": "8.10.2",
        "eslint-plugin-prettier": "4.2.5",
        "eslint-plugin-promise": "7.2.1",
        "eslint-plugin-tsdoc": "0.5.2",
        "fast-glob": "3.3.3",
        "globals": "15.15.0",
        "husky": "9.1.7",
        "lint-staged": "16.4.0",
        "madge": "8.0.0",
        "minimatch": "10.2.4",
        "moment": "2.30.1",
        "prettier": "3.8.1",
        "pretty-quick": "4.2.2",
        "progress": "2.0.3",
        "rimraf": "6.1.3",
        "rrule": "2.8.1",
        "semantic-release": "25.0.3",
        "sinon": "21.0.3",
        "test-console": "2.0.0",
        "ts-node": "10.9.2",
        "typedoc": "0.28.18",
        "typescript": "5.9.3",
        "vitest": "4.1.1"
      }
    },
    "../node_modules/.pnpm/class-transformer@0.5.1/node_modules/class-transformer": {
      "version": "0.5.1",
      "license": "MIT"
    },
    "../node_modules/.pnpm/class-validator@0.15.1/node_modules/class-validator": {
      "version": "0.15.1",
      "license": "MIT",
      "dependencies": {
        "@types/validator": "^13.15.3",
        "libphonenumber-js": "^1.11.1",
        "validator": "^13.15.22"
      }
    },
    "../node_modules/.pnpm/fast-check@4.6.0/node_modules/fast-check": {
      "version": "4.6.0",
      "dev": true,
      "funding": [
        {
          "type": "individual",
          "url": "https://github.com/sponsors/dubzzz"
        },
        {
          "type": "opencollective",
          "url": "https://opencollective.com/fast-check"
        }
      ],
      "license": "MIT",
      "dependencies": {
        "pure-rand": "^8.0.0"
      },
      "devDependencies": {
        "@fast-check/poisoning": "0.3.0",
        "@microsoft/api-extractor": "^7.57.6",
        "@types/node": "^24.12.0",
        "cross-env": "^10.1.0",
        "fast-check": "4.6.0",
        "not-node-buffer": "npm:buffer@^6.0.3",
        "regexp-tree": "^0.1.27",
        "typedoc": "^0.28.17",
        "typescript": "~5.9.3",
        "vitest": "^4.0.18"
      },
      "engines": {
        "node": ">=12.17.0"
      }
    },
    "../node_modules/.pnpm/ioredis@5.10.1/node_modules/ioredis": {
      "version": "5.10.1",
      "license": "MIT",
      "dependencies": {
        "@ioredis/commands": "1.5.1",
        "cluster-key-slot": "^1.1.0",
        "debug": "^4.3.4",
        "denque": "^2.1.0",
        "lodash.defaults": "^4.2.0",
        "lodash.isarguments": "^3.1.0",
        "redis-errors": "^1.2.0",
        "redis-parser": "^3.0.0",
        "standard-as-callback": "^2.1.0"
      },
      "devDependencies": {
        "@ioredis/interface-generator": "^1.3.0",
        "@semantic-release/changelog": "^6.0.1",
        "@semantic-release/commit-analyzer": "^9.0.2",
        "@semantic-release/git": "^10.0.1",
        "@types/chai": "^4.3.0",
        "@types/chai-as-promised": "^7.1.5",
        "@types/debug": "^4.1.5",
        "@types/lodash.defaults": "^4.2.7",
        "@types/lodash.isarguments": "^3.1.7",
        "@types/mocha": "^9.1.0",
        "@types/node": "^14.18.12",
        "@types/redis-errors": "^1.2.1",
        "@types/sinon": "^10.0.11",
        "@typescript-eslint/eslint-plugin": "^5.48.1",
        "@typescript-eslint/parser": "^5.48.1",
        "chai": "^4.3.6",
        "chai-as-promised": "^7.1.1",
        "eslint": "^8.31.0",
        "eslint-config-prettier": "^8.6.0",
        "mocha": "^9.2.1",
        "nyc": "^15.1.0",
        "prettier": "^2.6.1",
        "semantic-release": "^19.0.2",
        "server-destroy": "^1.0.1",
        "sinon": "^13.0.1",
        "ts-node": "^10.4.0",
        "tsd": "^0.19.1",
        "typedoc": "^0.22.18",
        "typescript": "^4.6.3",
        "uuid": "^9.0.0"
      },
      "engines": {
        "node": ">=12.22.0"
      },
      "funding": {
        "type": "opencollective",
        "url": "https://opencollective.com/ioredis"
      }
    },
    "../node_modules/.pnpm/jest@30.3.0_@types+node@20._63bd63650020471162dfba85e2645ae0/node_modules/jest": {
      "version": "30.3.0",
      "dev": true,
      "license": "MIT",
      "dependencies": {
        "@jest/core": "30.3.0",
        "@jest/types": "30.3.0",
        "import-local": "^3.2.0",
        "jest-cli": "30.3.0"
      },
      "bin": {
        "jest": "bin/jest.js"
      },
      "engines": {
        "node": "^18.14.0 || ^20.0.0 || ^22.0.0 || >=24.0.0"
      },
      "peerDependencies": {
        "node-notifier": "^8.0.1 || ^9.0.0 || ^10.0.0"
      },
      "peerDependenciesMeta": {
        "node-notifier": {
          "optional": true
        }
      }
    },
    "../node_modules/.pnpm/nodemailer@6.10.1/node_modules/nodemailer": {
      "version": "6.10.1",
      "license": "MIT-0",
      "devDependencies": {
        "@aws-sdk/client-ses": "3.731.1",
        "bunyan": "1.8.15",
        "c8": "10.1.3",
        "eslint": "8.57.0",
        "eslint-config-nodemailer": "1.2.0",
        "eslint-config-prettier": "9.1.0",
        "libbase64": "1.3.0",
        "libmime": "5.3.6",
        "libqp": "2.1.1",
        "nodemailer-ntlm-auth": "1.0.4",
        "proxy": "1.0.2",
        "proxy-test-server": "1.0.0",
        "smtp-server": "3.13.6"
      },
      "engines": {
        "node": ">=6.0.0"
      }
    },
    "../node_modules/.pnpm/passport-jwt@4.0.1/node_modules/passport-jwt": {
      "version": "4.0.1",
      "license": "MIT",
      "dependencies": {
        "jsonwebtoken": "^9.0.0",
        "passport-strategy": "^1.0.0"
      },
      "devDependencies": {
        "chai": "^3.0.0",
        "chai-passport-strategy": "^1.0.0",
        "mocha": "^9.2.1",
        "nyc": "^15.1.0",
        "sinon": "^1.0.0"
      }
    },
    "../node_modules/.pnpm/passport@0.7.0/node_modules/passport": {
      "version": "0.7.0",
      "license": "MIT",
      "dependencies": {
        "passport-strategy": "1.x.x",
        "pause": "0.0.1",
        "utils-merge": "^1.0.1"
      },
      "devDependencies": {
        "chai": "2.x.x",
        "chai-connect-middleware": "0.3.x",
        "chai-passport-strategy": "0.2.x",
        "make-node": "0.3.x",
        "mocha": "2.x.x",
        "proxyquire": "1.4.x"
      },
      "engines": {
        "node": ">= 0.4.0"
      },
      "funding": {
        "type": "github",
        "url": "https://github.com/sponsors/jaredhanson"
      }
    },
    "../node_modules/.pnpm/prisma@5.22.0/node_modules/prisma": {
      "version": "5.22.0",
      "hasInstallScript": true,
      "license": "Apache-2.0",
      "dependencies": {
        "@prisma/engines": "5.22.0"
      },
      "bin": {
        "prisma": "build/index.js"
      },
      "devDependencies": {
        "@prisma/client": "5.22.0",
        "@prisma/debug": "5.22.0",
        "@prisma/fetch-engine": "5.22.0",
        "@prisma/generator-helper": "5.22.0",
        "@prisma/get-platform": "5.22.0",
        "@prisma/internals": "5.22.0",
        "@prisma/migrate": "5.22.0",
        "@prisma/mini-proxy": "0.9.5",
        "@prisma/studio": "0.503.0",
        "@prisma/studio-server": "0.503.0",
        "@swc/core": "1.6.13",
        "@swc/jest": "0.2.36",
        "@types/debug": "4.1.12",
        "@types/fs-extra": "9.0.13",
        "@types/jest": "29.5.12",
        "@types/node": "18.19.31",
        "@types/rimraf": "3.0.2",
        "async-listen": "3.0.1",
        "checkpoint-client": "1.1.33",
        "chokidar": "3.6.0",
        "debug": "4.3.6",
        "dotenv": "16.0.3",
        "esbuild": "0.23.0",
        "execa": "5.1.1",
        "fast-glob": "3.3.2",
        "fs-extra": "11.1.1",
        "fs-jetpack": "5.1.0",
        "get-port": "5.1.1",
        "global-dirs": "4.0.0",
        "jest": "29.7.0",
        "jest-junit": "16.0.0",
        "kleur": "4.1.5",
        "line-replace": "2.0.1",
        "log-update": "4.0.0",
        "node-fetch": "3.3.2",
        "npm-packlist": "5.1.3",
        "open": "7.4.2",
        "pkg-up": "3.1.0",
        "resolve-pkg": "2.0.0",
        "rimraf": "3.0.2",
        "strip-ansi": "6.0.1",
        "ts-pattern": "5.2.0",
        "typescript": "5.4.5",
        "xdg-app-paths": "8.3.0",
        "zx": "7.2.3"
      },
      "engines": {
        "node": ">=16.13"
      },
      "optionalDependencies": {
        "fsevents": "2.3.3"
      }
    },
    "../node_modules/.pnpm/reflect-metadata@0.2.2/node_modules/reflect-metadata": {
      "version": "0.2.2",
      "license": "Apache-2.0",
      "devDependencies": {
        "@types/chai": "^3.4.34",
        "@types/mocha": "^2.2.34",
        "@types/node": "^10.17.60",
        "chai": "^3.5.0",
        "del": "^2.2.2",
        "ecmarkup": "^3.9.3",
        "gulp": "^3.9.1",
        "gulp-emu": "^1.1.0",
        "gulp-live-server": "0.0.30",
        "gulp-mocha": "^3.0.1",
        "gulp-rename": "^1.2.2",
        "gulp-sequence": "^0.4.6",
        "gulp-tsb": "^2.0.3",
        "mocha": "^3.2.0",
        "typescript": "^2.1.4"
      }
    },
    "../node_modules/.pnpm/rxjs@7.8.2/node_modules/rxjs": {
      "version": "7.8.2",
      "license": "Apache-2.0",
      "dependencies": {
        "tslib": "^2.1.0"
      },
      "devDependencies": {
        "@angular-devkit/build-optimizer": "0.4.6",
        "@angular-devkit/schematics": "^11.0.7",
        "@swc/core": "^1.2.128",
        "@swc/helpers": "^0.3.2",
        "@types/chai": "^4.2.11",
        "@types/lodash": "4.14.102",
        "@types/mocha": "^7.0.2",
        "@types/node": "^14.14.6",
        "@types/shelljs": "^0.8.8",
        "@types/sinon": "4.1.3",
        "@types/sinon-chai": "2.7.29",
        "@types/source-map": "^0.5.2",
        "@typescript-eslint/eslint-plugin": "^4.29.1",
        "@typescript-eslint/parser": "^4.29.1",
        "babel-polyfill": "6.26.0",
        "chai": "^4.2.0",
        "check-side-effects": "0.0.23",
        "color": "3.0.0",
        "colors": "1.1.2",
        "cross-env": "5.1.3",
        "cz-conventional-changelog": "1.2.0",
        "dependency-cruiser": "^9.12.0",
        "escape-string-regexp": "1.0.5",
        "eslint": "^7.8.1",
        "eslint-plugin-jasmine": "^2.10.1",
        "form-data": "^3.0.0",
        "fs-extra": "^8.1.0",
        "glob": "7.1.2",
        "google-closure-compiler-js": "20170218.0.0",
        "husky": "^4.2.5",
        "klaw-sync": "3.0.2",
        "lint-staged": "^10.2.11",
        "lodash": "^4.17.15",
        "minimist": "^1.2.5",
        "mocha": "^8.1.3",
        "nodemon": "^1.9.2",
        "npm-run-all": "4.1.2",
        "opn-cli": "3.1.0",
        "platform": "1.3.5",
        "prettier": "^2.5.1",
        "promise": "8.0.1",
        "rollup": "0.66.6",
        "rollup-plugin-alias": "1.4.0",
        "rollup-plugin-inject": "2.0.0",
        "rollup-plugin-node-resolve": "2.0.0",
        "shelljs": "^0.8.4",
        "shx": "^0.3.2",
        "sinon": "4.3.0",
        "sinon-chai": "2.14.0",
        "source-map-support": "0.5.3",
        "systemjs": "^0.21.0",
        "ts-node": "^9.1.1",
        "tslint": "^5.20.1",
        "tslint-config-prettier": "^1.18.0",
        "tslint-etc": "1.13.10",
        "tslint-no-toplevel-property-access": "0.0.2",
        "tslint-no-unused-expression-chai": "0.0.3",
        "typescript": "~4.2.0",
        "validate-commit-msg": "2.14.0",
        "web-streams-polyfill": "^3.0.2",
        "webpack": "^4.31.0"
      }
    },
    "../node_modules/.pnpm/socket.io@4.8.3/node_modules/socket.io": {
      "version": "4.8.3",
      "license": "MIT",
      "dependencies": {
        "accepts": "~1.3.4",
        "base64id": "~2.0.0",
        "cors": "~2.8.5",
        "debug": "~4.4.1",
        "engine.io": "~6.6.0",
        "socket.io-adapter": "~2.5.2",
        "socket.io-parser": "~4.2.4"
      },
      "engines": {
        "node": ">=10.2.0"
      }
    },
    "../node_modules/.pnpm/ts-jest@29.4.9_@babel+core@_06e10ae8000641fe82680fe3b3f0edf9/node_modules/ts-jest": {
      "version": "29.4.9",
      "dev": true,
      "license": "MIT",
      "dependencies": {
        "bs-logger": "^0.2.6",
        "fast-json-stable-stringify": "^2.1.0",
        "handlebars": "^4.7.9",
        "json5": "^2.2.3",
        "lodash.memoize": "^4.1.2",
        "make-error": "^1.3.6",
        "semver": "^7.7.4",
        "type-fest": "^4.41.0",
        "yargs-parser": "^21.1.1"
      },
      "bin": {
        "ts-jest": "cli.js"
      },
      "devDependencies": {
        "@commitlint/cli": "^19.8.1",
        "@commitlint/config-angular": "^19.8.1",
        "@eslint/compat": "^1.4.1",
        "@eslint/eslintrc": "^3.3.5",
        "@eslint/js": "^9.39.4",
        "@jest/globals": "^30.3.0",
        "@jest/transform": "^30.3.0",
        "@jest/types": "^30.3.0",
        "@types/babel__core": "^7.20.5",
        "@types/fs-extra": "^11.0.4",
        "@types/jest": "^29.5.14",
        "@types/js-yaml": "^4.0.9",
        "@types/lodash.camelcase": "^4.3.9",
        "@types/lodash.memoize": "^4.1.9",
        "@types/lodash.set": "^4.3.9",
        "@types/micromatch": "^4.0.10",
        "@types/node": "20.19.37",
        "@types/semver": "^7.7.1",
        "@types/yargs": "^17.0.35",
        "@types/yargs-parser": "21.0.3",
        "@typescript-eslint/eslint-plugin": "^8.57.2",
        "@typescript-eslint/parser": "^8.57.2",
        "babel-jest": "^30.3.0",
        "conventional-changelog": "^7.2.0",
        "conventional-changelog-angular": "^8.3.0",
        "esbuild": "~0.27.4",
        "eslint": "^9.39.4",
        "eslint-config-prettier": "^10.1.8",
        "eslint-plugin-import": "^2.32.0",
        "eslint-plugin-jest": "^28.14.0",
        "eslint-plugin-jsdoc": "^50.8.0",
        "eslint-plugin-prettier": "^4.2.5",
        "execa": "5.1.1",
        "fast-glob": "^3.3.3",
        "fs-extra": "^11.3.4",
        "globals": "^16.5.0",
        "husky": "^9.1.7",
        "jest": "^30.3.0",
        "js-yaml": "^4.1.1",
        "lint-staged": "^15.5.2",
        "memfs": "^4.57.1",
        "prettier": "^2.8.8",
        "rimraf": "^5.0.10",
        "ts-node": "^10.9.2",
        "typescript": "~5.9.3",
        "typescript-eslint": "^8.57.2"
      },
      "engines": {
        "node": "^14.15.0 || ^16.10.0 || ^18.0.0 || >=20.0.0"
      },
      "peerDependencies": {
        "@babel/core": ">=7.0.0-beta.0 <8",
        "@jest/transform": "^29.0.0 || ^30.0.0",
        "@jest/types": "^29.0.0 || ^30.0.0",
        "babel-jest": "^29.0.0 || ^30.0.0",
        "jest": "^29.0.0 || ^30.0.0",
        "jest-util": "^29.0.0 || ^30.0.0",
        "typescript": ">=4.3 <7"
      },
      "peerDependenciesMeta": {
        "@babel/core": {
          "optional": true
        },
        "@jest/transform": {
          "optional": true
        },
        "@jest/types": {
          "optional": true
        },
        "babel-jest": {
          "optional": true
        },
        "esbuild": {
          "optional": true
        },
        "jest-util": {
          "optional": true
        }
      }
    },
    "../node_modules/.pnpm/ts-node@10.9.2_@types+node@20.19.37_typescript@5.9.3/node_modules/ts-node": {
      "version": "10.9.2",
      "dev": true,
      "license": "MIT",
      "dependencies": {
        "@cspotcode/source-map-support": "^0.8.0",
        "@tsconfig/node10": "^1.0.7",
        "@tsconfig/node12": "^1.0.7",
        "@tsconfig/node14": "^1.0.0",
        "@tsconfig/node16": "^1.0.2",
        "acorn": "^8.4.1",
        "acorn-walk": "^8.1.1",
        "arg": "^4.1.0",
        "create-require": "^1.1.0",
        "diff": "^4.0.1",
        "make-error": "^1.1.1",
        "v8-compile-cache-lib": "^3.0.1",
        "yn": "3.1.1"
      },
      "bin": {
        "ts-node": "dist/bin.js",
        "ts-node-cwd": "dist/bin-cwd.js",
        "ts-node-esm": "dist/bin-esm.js",
        "ts-node-script": "dist/bin-script.js",
        "ts-node-transpile-only": "dist/bin-transpile.js",
        "ts-script": "dist/bin-script-deprecated.js"
      },
      "devDependencies": {
        "@microsoft/api-extractor": "^7.19.4",
        "@swc/core": "^1.3.100",
        "@swc/wasm": "^1.3.100",
        "@types/diff": "^4.0.2",
        "@types/lodash": "^4.14.151",
        "@types/node": "13.13.5",
        "@types/proper-lockfile": "^4.1.2",
        "@types/proxyquire": "^1.3.28",
        "@types/react": "^16.14.19",
        "@types/rimraf": "^3.0.0",
        "@types/semver": "^7.1.0",
        "@yarnpkg/fslib": "^2.4.0",
        "ava": "^3.15.0",
        "axios": "^0.21.1",
        "dprint": "^0.25.0",
        "expect": "^27.0.2",
        "get-stream": "^6.0.0",
        "lodash": "^4.17.15",
        "ntypescript": "^1.201507091536.1",
        "nyc": "^15.0.1",
        "outdent": "^0.8.0",
        "proper-lockfile": "^4.1.2",
        "proxyquire": "^2.0.0",
        "react": "^16.14.0",
        "rimraf": "^3.0.0",
        "semver": "^7.1.3",
        "throat": "^6.0.1",
        "typedoc": "^0.22.10",
        "typescript": "4.7.4",
        "typescript-json-schema": "^0.53.0",
        "util.promisify": "^1.0.1"
      },
      "peerDependencies": {
        "@swc/core": ">=1.2.50",
        "@swc/wasm": ">=1.2.50",
        "@types/node": "*",
        "typescript": ">=2.7"
      },
      "peerDependenciesMeta": {
        "@swc/core": {
          "optional": true
        },
        "@swc/wasm": {
          "optional": true
        }
      }
    },
    "../node_modules/.pnpm/ts-node@10.9.2_@types+node@20.19.37_typescript@5.9.3/node_modules/ts-node/node_modules/arg": {
      "dev": true
    },
    "../node_modules/.pnpm/typescript@5.9.3/node_modules/typescript": {
      "version": "5.9.3",
      "license": "Apache-2.0",
      "bin": {
        "tsc": "bin/tsc",
        "tsserver": "bin/tsserver"
      },
      "devDependencies": {
        "@dprint/formatter": "^0.4.1",
        "@dprint/typescript": "0.93.4",
        "@esfx/canceltoken": "^1.0.0",
        "@eslint/js": "^9.20.0",
        "@octokit/rest": "^21.1.1",
        "@types/chai": "^4.3.20",
        "@types/diff": "^7.0.1",
        "@types/minimist": "^1.2.5",
        "@types/mocha": "^10.0.10",
        "@types/ms": "^0.7.34",
        "@types/node": "latest",
        "@types/source-map-support": "^0.5.10",
        "@types/which": "^3.0.4",
        "@typescript-eslint/rule-tester": "^8.24.1",
        "@typescript-eslint/type-utils": "^8.24.1",
        "@typescript-eslint/utils": "^8.24.1",
        "azure-devops-node-api": "^14.1.0",
        "c8": "^10.1.3",
        "chai": "^4.5.0",
        "chokidar": "^4.0.3",
        "diff": "^7.0.0",
        "dprint": "^0.49.0",
        "esbuild": "^0.25.0",
        "eslint": "^9.20.1",
        "eslint-formatter-autolinkable-stylish": "^1.4.0",
        "eslint-plugin-regexp": "^2.7.0",
        "fast-xml-parser": "^4.5.2",
        "glob": "^10.4.5",
        "globals": "^15.15.0",
        "hereby": "^1.10.0",
        "jsonc-parser": "^3.3.1",
        "knip": "^5.44.4",
        "minimist": "^1.2.8",
        "mocha": "^10.8.2",
        "mocha-fivemat-progress-reporter": "^0.1.0",
        "monocart-coverage-reports": "^2.12.1",
        "ms": "^2.1.3",
        "picocolors": "^1.1.1",
        "playwright": "^1.50.1",
        "source-map-support": "^0.5.21",
        "tslib": "^2.8.1",
        "typescript": "^5.7.3",
        "typescript-eslint": "^8.24.1",
        "which": "^3.0.1"
      },
      "engines": {
        "node": ">=14.17"
      }
    },
    "node_modules/@nestjs/bull": {
      "resolved": "../node_modules/.pnpm/@nestjs+bull@10.2.3_@nestjs_729c9cf27cd00c1a0b6cb946720ef5ec/node_modules/@nestjs/bull",
      "link": true
    },
    "node_modules/@nestjs/cli": {
      "resolved": "../node_modules/.pnpm/@nestjs+cli@10.4.9/node_modules/@nestjs/cli",
      "link": true
    },
    "node_modules/@nestjs/common": {
      "resolved": "../node_modules/.pnpm/@nestjs+common@10.4.22_clas_603105deb9b25869abebdf85a1b3b03e/node_modules/@nestjs/common",
      "link": true
    },
    "node_modules/@nestjs/config": {
      "resolved": "../node_modules/.pnpm/@nestjs+config@3.3.0_@nestj_4a8fdd718708d5a153d8ccc6996203d2/node_modules/@nestjs/config",
      "link": true
    },
    "node_modules/@nestjs/core": {
      "resolved": "../node_modules/.pnpm/@nestjs+core@10.4.22_@nestj_6d25b4e2dc17cc3c70b0bbd34088b6a2/node_modules/@nestjs/core",
      "link": true
    },
    "node_modules/@nestjs/jwt": {
      "resolved": "../node_modules/.pnpm/@nestjs+jwt@10.2.0_@nestjs+_86df289bf54bf0a706ef4443aa722a76/node_modules/@nestjs/jwt",
      "link": true
    },
    "node_modules/@nestjs/passport": {
      "resolved": "../node_modules/.pnpm/@nestjs+passport@10.0.3_@ne_60b22b86a83cacefb55f1b80699754d9/node_modules/@nestjs/passport",
      "link": true
    },
    "node_modules/@nestjs/platform-fastify": {
      "resolved": "../node_modules/.pnpm/@nestjs+platform-fastify@10_2a5cdcb41b85370109411e5890422d36/node_modules/@nestjs/platform-fastify",
      "link": true
    },
    "node_modules/@nestjs/platform-socket.io": {
      "resolved": "../node_modules/.pnpm/@nestjs+platform-socket.io@_5a129e96aefbdeecf02acee3f0a8d416/node_modules/@nestjs/platform-socket.io",
      "link": true
    },
    "node_modules/@nestjs/schematics": {
      "resolved": "../node_modules/.pnpm/@nestjs+schematics@10.2.3_chokidar@3.6.0_typescript@5.9.3/node_modules/@nestjs/schematics",
      "link": true
    },
    "node_modules/@nestjs/testing": {
      "resolved": "../node_modules/.pnpm/@nestjs+testing@10.0.0_@nes_80b5ef35cbcadc90cdc85783a2279b37/node_modules/@nestjs/testing",
      "link": true
    },
    "node_modules/@nestjs/websockets": {
      "resolved": "../node_modules/.pnpm/@nestjs+websockets@10.4.22__3ee89042c4aa9c67ee5a512d4c428455/node_modules/@nestjs/websockets",
      "link": true
    },
    "node_modules/@prisma/client": {
      "resolved": "../node_modules/.pnpm/@prisma+client@5.22.0_prisma@5.22.0/node_modules/@prisma/client",
      "link": true
    },
    "node_modules/@socket.io/component-emitter": {
      "version": "3.1.2",
      "resolved": "https://registry.npmjs.org/@socket.io/component-emitter/-/component-emitter-3.1.2.tgz",
      "integrity": "sha512-9BCxFwvbGg/RsZK9tjXd8s4UcwR0MWeFQ1XEKIQVVvAGJyINdrqKMcTRyLoK8Rse1GjzLV9cwjWV1olXRWEXVA==",
      "dev": true,
      "license": "MIT"
    },
    "node_modules/@types/bcryptjs": {
      "resolved": "../node_modules/.pnpm/@types+bcryptjs@2.4.6/node_modules/@types/bcryptjs",
      "link": true
    },
    "node_modules/@types/jest": {
      "resolved": "../node_modules/.pnpm/@types+jest@30.0.0/node_modules/@types/jest",
      "link": true
    },
    "node_modules/@types/node": {
      "resolved": "../node_modules/.pnpm/@types+node@20.19.37/node_modules/@types/node",
      "link": true
    },
    "node_modules/@types/passport-jwt": {
      "resolved": "../node_modules/.pnpm/@types+passport-jwt@4.0.1/node_modules/@types/passport-jwt",
      "link": true
    },
    "node_modules/bcryptjs": {
      "resolved": "../node_modules/.pnpm/bcryptjs@2.4.3/node_modules/bcryptjs",
      "link": true
    },
    "node_modules/bullmq": {
      "resolved": "../node_modules/.pnpm/bullmq@5.71.1/node_modules/bullmq",
      "link": true
    },
    "node_modules/class-transformer": {
      "resolved": "../node_modules/.pnpm/class-transformer@0.5.1/node_modules/class-transformer",
      "link": true
    },
    "node_modules/class-validator": {
      "resolved": "../node_modules/.pnpm/class-validator@0.15.1/node_modules/class-validator",
      "link": true
    },
    "node_modules/debug": {
      "version": "4.4.3",
      "resolved": "https://registry.npmjs.org/debug/-/debug-4.4.3.tgz",
      "integrity": "sha512-RGwwWnwQvkVfavKVt22FGLw+xYSdzARwm0ru6DhTVA3umU5hZc28V3kO4stgYryrTlLpuvgI9GiijltAjNbcqA==",
      "dev": true,
      "license": "MIT",
      "dependencies": {
        "ms": "^2.1.3"
      },
      "engines": {
        "node": ">=6.0"
      },
      "peerDependenciesMeta": {
        "supports-color": {
          "optional": true
        }
      }
    },
    "node_modules/engine.io-client": {
      "version": "6.6.4",
      "resolved": "https://registry.npmjs.org/engine.io-client/-/engine.io-client-6.6.4.tgz",
      "integrity": "sha512-+kjUJnZGwzewFDw951CDWcwj35vMNf2fcj7xQWOctq1F2i1jkDdVvdFG9kM/BEChymCH36KgjnW0NsL58JYRxw==",
      "dev": true,
      "license": "MIT",
      "dependencies": {
        "@socket.io/component-emitter": "~3.1.0",
        "debug": "~4.4.1",
        "engine.io-parser": "~5.2.1",
        "ws": "~8.18.3",
        "xmlhttprequest-ssl": "~2.1.1"
      }
    },
    "node_modules/engine.io-parser": {
      "version": "5.2.3",
      "resolved": "https://registry.npmjs.org/engine.io-parser/-/engine.io-parser-5.2.3.tgz",
      "integrity": "sha512-HqD3yTBfnBxIrbnM1DoD6Pcq8NECnh8d4As1Qgh0z5Gg3jRRIqijury0CL3ghu/edArpUYiYqQiDUQBIs4np3Q==",
      "dev": true,
      "license": "MIT",
      "engines": {
        "node": ">=10.0.0"
      }
    },
    "node_modules/fast-check": {
      "resolved": "../node_modules/.pnpm/fast-check@4.6.0/node_modules/fast-check",
      "link": true
    },
    "node_modules/ioredis": {
      "resolved": "../node_modules/.pnpm/ioredis@5.10.1/node_modules/ioredis",
      "link": true
    },
    "node_modules/jest": {
      "resolved": "../node_modules/.pnpm/jest@30.3.0_@types+node@20._63bd63650020471162dfba85e2645ae0/node_modules/jest",
      "link": true
    },
    "node_modules/ms": {
      "version": "2.1.3",
      "resolved": "https://registry.npmjs.org/ms/-/ms-2.1.3.tgz",
      "integrity": "sha512-6FlzubTLZG3J2a/NVCAleEhjzq5oxgHyaCU9yYXvcLsvoVaHJq/s5xXI6/XXP6tz7R9xAOtHnSO/tXtF3WRTlA==",
      "dev": true,
      "license": "MIT"
    },
    "node_modules/nodemailer": {
      "resolved": "../node_modules/.pnpm/nodemailer@6.10.1/node_modules/nodemailer",
      "link": true
    },
    "node_modules/passport": {
      "resolved": "../node_modules/.pnpm/passport@0.7.0/node_modules/passport",
      "link": true
    },
    "node_modules/passport-jwt": {
      "resolved": "../node_modules/.pnpm/passport-jwt@4.0.1/node_modules/passport-jwt",
      "link": true
    },
    "node_modules/prisma": {
      "resolved": "../node_modules/.pnpm/prisma@5.22.0/node_modules/prisma",
      "link": true
    },
    "node_modules/reflect-metadata": {
      "resolved": "../node_modules/.pnpm/reflect-metadata@0.2.2/node_modules/reflect-metadata",
      "link": true
    },
    "node_modules/rxjs": {
      "resolved": "../node_modules/.pnpm/rxjs@7.8.2/node_modules/rxjs",
      "link": true
    },
    "node_modules/socket.io": {
      "resolved": "../node_modules/.pnpm/socket.io@4.8.3/node_modules/socket.io",
      "link": true
    },
    "node_modules/socket.io-client": {
      "version": "4.8.3",
      "resolved": "https://registry.npmjs.org/socket.io-client/-/socket.io-client-4.8.3.tgz",
      "integrity": "sha512-uP0bpjWrjQmUt5DTHq9RuoCBdFJF10cdX9X+a368j/Ft0wmaVgxlrjvK3kjvgCODOMMOz9lcaRzxmso0bTWZ/g==",
      "dev": true,
      "license": "MIT",
      "dependencies": {
        "@socket.io/component-emitter": "~3.1.0",
        "debug": "~4.4.1",
        "engine.io-client": "~6.6.1",
        "socket.io-parser": "~4.2.4"
      },
      "engines": {
        "node": ">=10.0.0"
      }
    },
    "node_modules/socket.io-parser": {
      "version": "4.2.6",
      "resolved": "https://registry.npmjs.org/socket.io-parser/-/socket.io-parser-4.2.6.tgz",
      "integrity": "sha512-asJqbVBDsBCJx0pTqw3WfesSY0iRX+2xzWEWzrpcH7L6fLzrhyF8WPI8UaeM4YCuDfpwA/cgsdugMsmtz8EJeg==",
      "dev": true,
      "license": "MIT",
      "dependencies": {
        "@socket.io/component-emitter": "~3.1.0",
        "debug": "~4.4.1"
      },
      "engines": {
        "node": ">=10.0.0"
      }
    },
    "node_modules/ts-jest": {
      "resolved": "../node_modules/.pnpm/ts-jest@29.4.9_@babel+core@_06e10ae8000641fe82680fe3b3f0edf9/node_modules/ts-jest",
      "link": true
    },
    "node_modules/ts-node": {
      "resolved": "../node_modules/.pnpm/ts-node@10.9.2_@types+node@20.19.37_typescript@5.9.3/node_modules/ts-node",
      "link": true
    },
    "node_modules/typescript": {
      "resolved": "../node_modules/.pnpm/typescript@5.9.3/node_modules/typescript",
      "link": true
    },
    "node_modules/ws": {
      "version": "8.18.3",
      "resolved": "https://registry.npmjs.org/ws/-/ws-8.18.3.tgz",
      "integrity": "sha512-PEIGCY5tSlUt50cqyMXfCzX+oOPqN0vuGqWzbcJ2xvnkzkq46oOpz7dQaTDBdfICb4N14+GARUDw2XV2N4tvzg==",
      "dev": true,
      "license": "MIT",
      "engines": {
        "node": ">=10.0.0"
      },
      "peerDependencies": {
        "bufferutil": "^4.0.1",
        "utf-8-validate": ">=5.0.2"
      },
      "peerDependenciesMeta": {
        "bufferutil": {
          "optional": true
        },
        "utf-8-validate": {
          "optional": true
        }
      }
    },
    "node_modules/xmlhttprequest-ssl": {
      "version": "2.1.2",
      "resolved": "https://registry.npmjs.org/xmlhttprequest-ssl/-/xmlhttprequest-ssl-2.1.2.tgz",
      "integrity": "sha512-TEU+nJVUUnA4CYJFLvK5X9AOeH4KvDvhIfm0vV1GaQRtchnG0hgK5p8hw/xjv8cunWYCsiPCSDzObPyhEwq3KQ==",
      "dev": true,
      "engines": {
        "node": ">=0.4.0"
      }
    }
  }
}
